
Microsoft Visual Studio Solution File, Format Version 12.00
# Visual Studio 15
VisualStudioVersion = 15.0.28010.0
MinimumVisualStudioVersion = 10.0.40219.1
Project("{9A19103F-16F7-4668-BE54-9A1E7A4F7556}") = "MusicStore", "MusicStore\MusicStore.csproj", "{21CAF9D0-2D80-45E7-9892-7BF974F21AFF}"
EndProject
Global
	GlobalSection(SolutionConfigurationPlatforms) = preSolution
		Debug|Any CPU = Debug|Any CPU
		Release|Any CPU = Release|Any CPU
		RuntimeStore|Any CPU = RuntimeStore|Any CPU
	EndGlobalSection
	GlobalSection(ProjectConfigurationPlatforms) = postSolution
		{21CAF9D0-2D80-45E7-9892-7BF974F21AFF}.Debug|Any CPU.ActiveCfg = Debug|Any CPU
		{21CAF9D0-2D80-45E7-9892-7BF974F21AFF}.Debug|Any CPU.Build.0 = Debug|Any CPU
		{21CAF9D0-2D80-45E7-9892-7BF974F21AFF}.Release|Any CPU.ActiveCfg = Release|Any CPU
		{21CAF9D0-2D80-45E7-9892-7BF974F21AFF}.Release|Any CPU.Build.0 = Release|Any CPU
		{21CAF9D0-2D80-45E7-9892-7BF974F21AFF}.RuntimeStore|Any CPU.ActiveCfg = Release|Any CPU
		{21CAF9D0-2D80-45E7-9892-7BF974F21AFF}.RuntimeStore|Any CPU.Build.0 = Release|Any CPU
	EndGlobalSection
	GlobalSection(SolutionProperties) = preSolution
		HideSolutionNode = FALSE
	EndGlobalSection
	GlobalSection(ExtensibilityGlobals) = postSolution
		SolutionGuid = {E494E704-F5E6-4A4E-AEC5-C87C42E0738F}
	EndGlobalSection
EndGlobal
